
Microsoft Visual Studio Solution File, Format Version 12.00
# Visual Studio Version 16
VisualStudioVersion = 16.0.30011.22
MinimumVisualStudioVersion = 10.0.40219.1
Project("{FAE04EC0-301F-11D3-BF4B-00C04F79EFBC}") = "Stausimulation", "Stausimulation\Stausimulation.csproj", "{90DD6705-453A-4EED-A60E-4F7D0D986FDC}"
EndProject
Global
	GlobalSection(SolutionConfigurationPlatforms) = preSolution
		Debug|Any CPU = Debug|Any CPU
		Release|Any CPU = Release|Any CPU
	EndGlobalSection
	GlobalSection(ProjectConfigurationPlatforms) = postSolution
		{90DD6705-453A-4EED-A60E-4F7D0D986FDC}.Debug|Any CPU.ActiveCfg = Debug|Any CPU
		{90DD6705-453A-4EED-A60E-4F7D0D986FDC}.Debug|Any CPU.Build.0 = Debug|Any CPU
		{90DD6705-453A-4EED-A60E-4F7D0D986FDC}.Release|Any CPU.ActiveCfg = Release|Any CPU
		{90DD6705-453A-4EED-A60E-4F7D0D986FDC}.Release|Any CPU.Build.0 = Release|Any CPU
	EndGlobalSection
	GlobalSection(SolutionProperties) = preSolution
		HideSolutionNode = FALSE
	EndGlobalSection
	GlobalSection(ExtensibilityGlobals) = postSolution
		SolutionGuid = {2302F31A-72C9-409F-BC3E-ACAA39B9D2F8}
	EndGlobalSection
EndGlobal
